
Microsoft Visual Studio Solution File, Format Version 12.00
# Visual Studio 15
VisualStudioVersion = 15.0.28010.2041
MinimumVisualStudioVersion = 10.0.40219.1
Project("{FAE04EC0-301F-11D3-BF4B-00C04F79EFBC}") = "Task1", "Task1\Task1.csproj", "{205915C0-2B4F-4EA8-9C8B-B145691D7A05}"
EndProject
Project("{FAE04EC0-301F-11D3-BF4B-00C04F79EFBC}") = "Task2", "Task2\Task2.csproj", "{9B5C715E-5AF4-4598-9055-57C4CFFF3B91}"
EndProject
Project("{FAE04EC0-301F-11D3-BF4B-00C04F79EFBC}") = "Task3", "Task3\Task3.csproj", "{E9D73A91-4AD7-47D2-83A8-F5CAC84F210A}"
EndProject
Project("{FAE04EC0-301F-11D3-BF4B-00C04F79EFBC}") = "Task4", "Task4\Task4.csproj", "{EE4524C2-C8FB-471E-AE0B-7DFCBA2F72A6}"
EndProject
Project("{FAE04EC0-301F-11D3-BF4B-00C04F79EFBC}") = "Task5", "Task5\Task5.csproj", "{C05E6C95-4111-4873-85E1-0DFC9F1A3618}"
EndProject
Project("{FAE04EC0-301F-11D3-BF4B-00C04F79EFBC}") = "Task6", "Task6\Task6.csproj", "{4A4D9F09-3D26-454B-8CD0-7C093B10D871}"
EndProject
Project("{FAE04EC0-301F-11D3-BF4B-00C04F79EFBC}") = "Task7", "Task7\Task7.csproj", "{EA7CAEBE-88DB-4699-B3EE-30240F584F71}"
EndProject
Project("{FAE04EC0-301F-11D3-BF4B-00C04F79EFBC}") = "Task8", "Task8\Task8.csproj", "{55BBB187-A643-4050-BBD7-DB9B5806F3C6}"
EndProject
Project("{FAE04EC0-301F-11D3-BF4B-00C04F79EFBC}") = "Task9", "Task9\Task9.csproj", "{40D2F703-67B0-4057-A68D-04E1AA3B1792}"
EndProject
Project("{FAE04EC0-301F-11D3-BF4B-00C04F79EFBC}") = "Task10", "Task10\Task10.csproj", "{869B339A-7A2B-4478-B1D9-C8B353644CF2}"
EndProject
Project("{FAE04EC0-301F-11D3-BF4B-00C04F79EFBC}") = "Task11", "Task11\Task11.csproj", "{F73519A5-9F7C-4D7E-B550-A5695101D71B}"
EndProject
Project("{FAE04EC0-301F-11D3-BF4B-00C04F79EFBC}") = "Task12", "Task12\Task12.csproj", "{87C10369-001C-4BD9-9AF1-9652F9397F41}"
EndProject
Project("{FAE04EC0-301F-11D3-BF4B-00C04F79EFBC}") = "Task13", "Task13\Task13.csproj", "{FCCC5205-7D49-42AA-9195-92E044F319A4}"
EndProject
Project("{FAE04EC0-301F-11D3-BF4B-00C04F79EFBC}") = "Task14", "Task14\Task14.csproj", "{583F7B49-6997-4141-90C4-9DFA4226CCCD}"
EndProject
Project("{FAE04EC0-301F-11D3-BF4B-00C04F79EFBC}") = "Task15", "Task15\Task15.csproj", "{82EFCA60-59AE-4F74-B7B0-C089C7DC2F3E}"
EndProject
Project("{FAE04EC0-301F-11D3-BF4B-00C04F79EFBC}") = "Task16", "Task16\Task16.csproj", "{FEE0ECF7-C75E-4971-A10F-92A62C3DA05D}"
EndProject
Project("{FAE04EC0-301F-11D3-BF4B-00C04F79EFBC}") = "Task17", "Task17\Task17.csproj", "{6DC504D3-ABBE-4580-9192-896AE0109DF4}"
EndProject
Project("{FAE04EC0-301F-11D3-BF4B-00C04F79EFBC}") = "Task18", "Task18\Task18.csproj", "{F2C82359-A1C1-45A7-B5E7-8094045DE231}"
EndProject
Project("{FAE04EC0-301F-11D3-BF4B-00C04F79EFBC}") = "Task19", "Task19\Task19.csproj", "{917B26ED-2F51-46AC-8587-20EB8FEBA14D}"
EndProject
Project("{FAE04EC0-301F-11D3-BF4B-00C04F79EFBC}") = "Task20", "Task20\Task20.csproj", "{426A47B6-8E78-47A5-B2A2-B191022D3408}"
EndProject
Project("{FAE04EC0-301F-11D3-BF4B-00C04F79EFBC}") = "Task21", "Task21\Task21.csproj", "{D6B58322-52E4-4BF2-8A57-E4E96EABA831}"
EndProject
Project("{FAE04EC0-301F-11D3-BF4B-00C04F79EFBC}") = "Task22", "Task22\Task22.csproj", "{545AAE54-BE66-472B-BE7D-9911BEE067FB}"
EndProject
Project("{FAE04EC0-301F-11D3-BF4B-00C04F79EFBC}") = "Task23", "Task23\Task23.csproj", "{C7DCE8A8-4FC0-425B-88BA-3EE3A023D27C}"
EndProject
Global
	GlobalSection(SolutionConfigurationPlatforms) = preSolution
		Debug|Any CPU = Debug|Any CPU
		Release|Any CPU = Release|Any CPU
	EndGlobalSection
	GlobalSection(ProjectConfigurationPlatforms) = postSolution
		{205915C0-2B4F-4EA8-9C8B-B145691D7A05}.Debug|Any CPU.ActiveCfg = Debug|Any CPU
		{205915C0-2B4F-4EA8-9C8B-B145691D7A05}.Debug|Any CPU.Build.0 = Debug|Any CPU
		{205915C0-2B4F-4EA8-9C8B-B145691D7A05}.Release|Any CPU.ActiveCfg = Release|Any CPU
		{205915C0-2B4F-4EA8-9C8B-B145691D7A05}.Release|Any CPU.Build.0 = Release|Any CPU
		{9B5C715E-5AF4-4598-9055-57C4CFFF3B91}.Debug|Any CPU.ActiveCfg = Debug|Any CPU
		{9B5C715E-5AF4-4598-9055-57C4CFFF3B91}.Debug|Any CPU.Build.0 = Debug|Any CPU
		{9B5C715E-5AF4-4598-9055-57C4CFFF3B91}.Release|Any CPU.ActiveCfg = Release|Any CPU
		{9B5C715E-5AF4-4598-9055-57C4CFFF3B91}.Release|Any CPU.Build.0 = Release|Any CPU
		{E9D73A91-4AD7-47D2-83A8-F5CAC84F210A}.Debug|Any CPU.ActiveCfg = Debug|Any CPU
		{E9D73A91-4AD7-47D2-83A8-F5CAC84F210A}.Debug|Any CPU.Build.0 = Debug|Any CPU
		{E9D73A91-4AD7-47D2-83A8-F5CAC84F210A}.Release|Any CPU.ActiveCfg = Release|Any CPU
		{E9D73A91-4AD7-47D2-83A8-F5CAC84F210A}.Release|Any CPU.Build.0 = Release|Any CPU
		{EE4524C2-C8FB-471E-AE0B-7DFCBA2F72A6}.Debug|Any CPU.ActiveCfg = Debug|Any CPU
		{EE4524C2-C8FB-471E-AE0B-7DFCBA2F72A6}.Debug|Any CPU.Build.0 = Debug|Any CPU
		{EE4524C2-C8FB-471E-AE0B-7DFCBA2F72A6}.Release|Any CPU.ActiveCfg = Release|Any CPU
		{EE4524C2-C8FB-471E-AE0B-7DFCBA2F72A6}.Release|Any CPU.Build.0 = Release|Any CPU
		{C05E6C95-4111-4873-85E1-0DFC9F1A3618}.Debug|Any CPU.ActiveCfg = Debug|Any CPU
		{C05E6C95-4111-4873-85E1-0DFC9F1A3618}.Debug|Any CPU.Build.0 = Debug|Any CPU
		{C05E6C95-4111-4873-85E1-0DFC9F1A3618}.Release|Any CPU.ActiveCfg = Release|Any CPU
		{C05E6C95-4111-4873-85E1-0DFC9F1A3618}.Release|Any CPU.Build.0 = Release|Any CPU
		{4A4D9F09-3D26-454B-8CD0-7C093B10D871}.Debug|Any CPU.ActiveCfg = Debug|Any CPU
		{4A4D9F09-3D26-454B-8CD0-7C093B10D871}.Debug|Any CPU.Build.0 = Debug|Any CPU
		{4A4D9F09-3D26-454B-8CD0-7C093B10D871}.Release|Any CPU.ActiveCfg = Release|Any CPU
		{4A4D9F09-3D26-454B-8CD0-7C093B10D871}.Release|Any CPU.Build.0 = Release|Any CPU
		{EA7CAEBE-88DB-4699-B3EE-30240F584F71}.Debug|Any CPU.ActiveCfg = Debug|Any CPU
		{EA7CAEBE-88DB-4699-B3EE-30240F584F71}.Debug|Any CPU.Build.0 = Debug|Any CPU
		{EA7CAEBE-88DB-4699-B3EE-30240F584F71}.Release|Any CPU.ActiveCfg = Release|Any CPU
		{EA7CAEBE-88DB-4699-B3EE-30240F584F71}.Release|Any CPU.Build.0 = Release|Any CPU
		{55BBB187-A643-4050-BBD7-DB9B5806F3C6}.Debug|Any CPU.ActiveCfg = Debug|Any CPU
		{55BBB187-A643-4050-BBD7-DB9B5806F3C6}.Debug|Any CPU.Build.0 = Debug|Any CPU
		{55BBB187-A643-4050-BBD7-DB9B5806F3C6}.Release|Any CPU.ActiveCfg = Release|Any CPU
		{55BBB187-A643-4050-BBD7-DB9B5806F3C6}.Release|Any CPU.Build.0 = Release|Any CPU
		{40D2F703-67B0-4057-A68D-04E1AA3B1792}.Debug|Any CPU.ActiveCfg = Debug|Any CPU
		{40D2F703-67B0-4057-A68D-04E1AA3B1792}.Debug|Any CPU.Build.0 = Debug|Any CPU
		{40D2F703-67B0-4057-A68D-04E1AA3B1792}.Release|Any CPU.ActiveCfg = Release|Any CPU
		{40D2F703-67B0-4057-A68D-04E1AA3B1792}.Release|Any CPU.Build.0 = Release|Any CPU
		{869B339A-7A2B-4478-B1D9-C8B353644CF2}.Debug|Any CPU.ActiveCfg = Debug|Any CPU
		{869B339A-7A2B-4478-B1D9-C8B353644CF2}.Debug|Any CPU.Build.0 = Debug|Any CPU
		{869B339A-7A2B-4478-B1D9-C8B353644CF2}.Release|Any CPU.ActiveCfg = Release|Any CPU
		{869B339A-7A2B-4478-B1D9-C8B353644CF2}.Release|Any CPU.Build.0 = Release|Any CPU
		{F73519A5-9F7C-4D7E-B550-A5695101D71B}.Debug|Any CPU.ActiveCfg = Debug|Any CPU
		{F73519A5-9F7C-4D7E-B550-A5695101D71B}.Debug|Any CPU.Build.0 = Debug|Any CPU
		{F73519A5-9F7C-4D7E-B550-A5695101D71B}.Release|Any CPU.ActiveCfg = Release|Any CPU
		{F73519A5-9F7C-4D7E-B550-A5695101D71B}.Release|Any CPU.Build.0 = Release|Any CPU
		{87C10369-001C-4BD9-9AF1-9652F9397F41}.Debug|Any CPU.ActiveCfg = Debug|Any CPU
		{87C10369-001C-4BD9-9AF1-9652F9397F41}.Debug|Any CPU.Build.0 = Debug|Any CPU
		{87C10369-001C-4BD9-9AF1-9652F9397F41}.Release|Any CPU.ActiveCfg = Release|Any CPU
		{87C10369-001C-4BD9-9AF1-9652F9397F41}.Release|Any CPU.Build.0 = Release|Any CPU
		{FCCC5205-7D49-42AA-9195-92E044F319A4}.Debug|Any CPU.ActiveCfg = Debug|Any CPU
		{FCCC5205-7D49-42AA-9195-92E044F319A4}.Debug|Any CPU.Build.0 = Debug|Any CPU
		{FCCC5205-7D49-42AA-9195-92E044F319A4}.Release|Any CPU.ActiveCfg = Release|Any CPU
		{FCCC5205-7D49-42AA-9195-92E044F319A4}.Release|Any CPU.Build.0 = Release|Any CPU
		{583F7B49-6997-4141-90C4-9DFA4226CCCD}.Debug|Any CPU.ActiveCfg = Debug|Any CPU
		{583F7B49-6997-4141-90C4-9DFA4226CCCD}.Debug|Any CPU.Build.0 = Debug|Any CPU
		{583F7B49-6997-4141-90C4-9DFA4226CCCD}.Release|Any CPU.ActiveCfg = Release|Any CPU
		{583F7B49-6997-4141-90C4-9DFA4226CCCD}.Release|Any CPU.Build.0 = Release|Any CPU
		{82EFCA60-59AE-4F74-B7B0-C089C7DC2F3E}.Debug|Any CPU.ActiveCfg = Debug|Any CPU
		{82EFCA60-59AE-4F74-B7B0-C089C7DC2F3E}.Debug|Any CPU.Build.0 = Debug|Any CPU
		{82EFCA60-59AE-4F74-B7B0-C089C7DC2F3E}.Release|Any CPU.ActiveCfg = Release|Any CPU
		{82EFCA60-59AE-4F74-B7B0-C089C7DC2F3E}.Release|Any CPU.Build.0 = Release|Any CPU
		{FEE0ECF7-C75E-4971-A10F-92A62C3DA05D}.Debug|Any CPU.ActiveCfg = Debug|Any CPU
		{FEE0ECF7-C75E-4971-A10F-92A62C3DA05D}.Debug|Any CPU.Build.0 = Debug|Any CPU
		{FEE0ECF7-C75E-4971-A10F-92A62C3DA05D}.Release|Any CPU.ActiveCfg = Release|Any CPU
		{FEE0ECF7-C75E-4971-A10F-92A62C3DA05D}.Release|Any CPU.Build.0 = Release|Any CPU
		{6DC504D3-ABBE-4580-9192-896AE0109DF4}.Debug|Any CPU.ActiveCfg = Debug|Any CPU
		{6DC504D3-ABBE-4580-9192-896AE0109DF4}.Debug|Any CPU.Build.0 = Debug|Any CPU
		{6DC504D3-ABBE-4580-9192-896AE0109DF4}.Release|Any CPU.ActiveCfg = Release|Any CPU
		{6DC504D3-ABBE-4580-9192-896AE0109DF4}.Release|Any CPU.Build.0 = Release|Any CPU
		{F2C82359-A1C1-45A7-B5E7-8094045DE231}.Debug|Any CPU.ActiveCfg = Debug|Any CPU
		{F2C82359-A1C1-45A7-B5E7-8094045DE231}.Debug|Any CPU.Build.0 = Debug|Any CPU
		{F2C82359-A1C1-45A7-B5E7-8094045DE231}.Release|Any CPU.ActiveCfg = Release|Any CPU
		{F2C82359-A1C1-45A7-B5E7-8094045DE231}.Release|Any CPU.Build.0 = Release|Any CPU
		{917B26ED-2F51-46AC-8587-20EB8FEBA14D}.Debug|Any CPU.ActiveCfg = Debug|Any CPU
		{917B26ED-2F51-46AC-8587-20EB8FEBA14D}.Debug|Any CPU.Build.0 = Debug|Any CPU
		{917B26ED-2F51-46AC-8587-20EB8FEBA14D}.Release|Any CPU.ActiveCfg = Release|Any CPU
		{917B26ED-2F51-46AC-8587-20EB8FEBA14D}.Release|Any CPU.Build.0 = Release|Any CPU
		{426A47B6-8E78-47A5-B2A2-B191022D3408}.Debug|Any CPU.ActiveCfg = Debug|Any CPU
		{426A47B6-8E78-47A5-B2A2-B191022D3408}.Debug|Any CPU.Build.0 = Debug|Any CPU
		{426A47B6-8E78-47A5-B2A2-B191022D3408}.Release|Any CPU.ActiveCfg = Release|Any CPU
		{426A47B6-8E78-47A5-B2A2-B191022D3408}.Release|Any CPU.Build.0 = Release|Any CPU
		{D6B58322-52E4-4BF2-8A57-E4E96EABA831}.Debug|Any CPU.ActiveCfg = Debug|Any CPU
		{D6B58322-52E4-4BF2-8A57-E4E96EABA831}.Debug|Any CPU.Build.0 = Debug|Any CPU
		{D6B58322-52E4-4BF2-8A57-E4E96EABA831}.Release|Any CPU.ActiveCfg = Release|Any CPU
		{D6B58322-52E4-4BF2-8A57-E4E96EABA831}.Release|Any CPU.Build.0 = Release|Any CPU
		{545AAE54-BE66-472B-BE7D-9911BEE067FB}.Debug|Any CPU.ActiveCfg = Debug|Any CPU
		{545AAE54-BE66-472B-BE7D-9911BEE067FB}.Debug|Any CPU.Build.0 = Debug|Any CPU
		{545AAE54-BE66-472B-BE7D-9911BEE067FB}.Release|Any CPU.ActiveCfg = Release|Any CPU
		{545AAE54-BE66-472B-BE7D-9911BEE067FB}.Release|Any CPU.Build.0 = Release|Any CPU
		{C7DCE8A8-4FC0-425B-88BA-3EE3A023D27C}.Debug|Any CPU.ActiveCfg = Debug|Any CPU
		{C7DCE8A8-4FC0-425B-88BA-3EE3A023D27C}.Debug|Any CPU.Build.0 = Debug|Any CPU
		{C7DCE8A8-4FC0-425B-88BA-3EE3A023D27C}.Release|Any CPU.ActiveCfg = Release|Any CPU
		{C7DCE8A8-4FC0-425B-88BA-3EE3A023D27C}.Release|Any CPU.Build.0 = Release|Any CPU
	EndGlobalSection
	GlobalSection(SolutionProperties) = preSolution
		HideSolutionNode = FALSE
	EndGlobalSection
	GlobalSection(ExtensibilityGlobals) = postSolution
		SolutionGuid = {E5E0D05F-1666-4CAF-8048-21559E00C6D6}
	EndGlobalSection
EndGlobal
